// !$*UTF8*$!
{
	archiveVersion = 1;
	classes = {
	};
	objectVersion = 48;
	objects = {

/* Begin PBXBuildFile section */
		7883CA351EF14BDC00A14F2D /* FlashModesCollectionViewCoordinator.swift in Sources */ = {isa = PBXBuildFile; fileRef = 7883CA341EF14BDC00A14F2D /* FlashModesCollectionViewCoordinator.swift */; };
		7883CA3A1EF163D500A14F2D /* FlashModeCollectionViewCell.swift in Sources */ = {isa = PBXBuildFile; fileRef = 7883CA381EF163D500A14F2D /* FlashModeCollectionViewCell.swift */; };
		7883CA3B1EF163D500A14F2D /* FlashModeCollectionViewCell.xib in Resources */ = {isa = PBXBuildFile; fileRef = 7883CA391EF163D500A14F2D /* FlashModeCollectionViewCell.xib */; };
		788DEBF41EF1305500D36E94 /* Utilities.swift in Sources */ = {isa = PBXBuildFile; fileRef = 788DEBF31EF1305500D36E94 /* Utilities.swift */; };
		788DEBF61EF1360600D36E94 /* Media.xcassets in Resources */ = {isa = PBXBuildFile; fileRef = 788DEBF51EF1360600D36E94 /* Media.xcassets */; };
		78D5BB211EEFF9F000CB5E48 /* AppDelegate.swift in Sources */ = {isa = PBXBuildFile; fileRef = 78D5BB201EEFF9F000CB5E48 /* AppDelegate.swift */; };
		78D5BB231EEFF9F000CB5E48 /* ViewController.swift in Sources */ = {isa = PBXBuildFile; fileRef = 78D5BB221EEFF9F000CB5E48 /* ViewController.swift */; };
		78D5BB261EEFF9F000CB5E48 /* Main.storyboard in Resources */ = {isa = PBXBuildFile; fileRef = 78D5BB241EEFF9F000CB5E48 /* Main.storyboard */; };
		78D5BB281EEFF9F000CB5E48 /* Assets.xcassets in Resources */ = {isa = PBXBuildFile; fileRef = 78D5BB271EEFF9F000CB5E48 /* Assets.xcassets */; };
		78D5BB2B1EEFF9F000CB5E48 /* LaunchScreen.storyboard in Resources */ = {isa = PBXBuildFile; fileRef = 78D5BB291EEFF9F000CB5E48 /* LaunchScreen.storyboard */; };
		78D5BB381EEFFBCB00CB5E48 /* AVCamFocusView.swift in Sources */ = {isa = PBXBuildFile; fileRef = 78D5BB331EEFFAFD00CB5E48 /* AVCamFocusView.swift */; };
		78D5BB391EEFFBCB00CB5E48 /* AVCamController.swift in Sources */ = {isa = PBXBuildFile; fileRef = 78D5BB341EEFFAFD00CB5E48 /* AVCamController.swift */; };
		78D5BB3A1EEFFBCB00CB5E48 /* AVCamController.xib in Resources */ = {isa = PBXBuildFile; fileRef = 78D5BB351EEFFAFD00CB5E48 /* AVCamController.xib */; };
		78D5BB3B1EEFFBCB00CB5E48 /* AVCamPhotoOutputDevice.swift in Sources */ = {isa = PBXBuildFile; fileRef = 78D5BB361EEFFAFD00CB5E48 /* AVCamPhotoOutputDevice.swift */; };
		78D5BB3C1EEFFBCB00CB5E48 /* AVCamPreviewView.swift in Sources */ = {isa = PBXBuildFile; fileRef = 78D5BB371EEFFAFD00CB5E48 /* AVCamPreviewView.swift */; };
/* End PBXBuildFile section */

/* Begin PBXFileReference section */
		7883CA341EF14BDC00A14F2D /* FlashModesCollectionViewCoordinator.swift */ = {isa = PBXFileReference; fileEncoding = 4; lastKnownFileType = sourcecode.swift; path = FlashModesCollectionViewCoordinator.swift; sourceTree = "<group>"; };
		7883CA381EF163D500A14F2D /* FlashModeCollectionViewCell.swift */ = {isa = PBXFileReference; fileEncoding = 4; lastKnownFileType = sourcecode.swift; path = FlashModeCollectionViewCell.swift; sourceTree = "<group>"; };
		7883CA391EF163D500A14F2D /* FlashModeCollectionViewCell.xib */ = {isa = PBXFileReference; fileEncoding = 4; lastKnownFileType = file.xib; path = FlashModeCollectionViewCell.xib; sourceTree = "<group>"; };
		788DEBF31EF1305500D36E94 /* Utilities.swift */ = {isa = PBXFileReference; fileEncoding = 4; lastKnownFileType = sourcecode.swift; path = Utilities.swift; sourceTree = "<group>"; };
		788DEBF51EF1360600D36E94 /* Media.xcassets */ = {isa = PBXFileReference; lastKnownFileType = folder.assetcatalog; path = Media.xcassets; sourceTree = "<group>"; };
		78D5BB1D1EEFF9F000CB5E48 /* AVCamPicker.app */ = {isa = PBXFileReference; explicitFileType = wrapper.application; includeInIndex = 0; path = AVCamPicker.app; sourceTree = BUILT_PRODUCTS_DIR; };
		78D5BB201EEFF9F000CB5E48 /* AppDelegate.swift */ = {isa = PBXFileReference; lastKnownFileType = sourcecode.swift; path = AppDelegate.swift; sourceTree = "<group>"; };
		78D5BB221EEFF9F000CB5E48 /* ViewController.swift */ = {isa = PBXFileReference; lastKnownFileType = sourcecode.swift; path = ViewController.swift; sourceTree = "<group>"; };
		78D5BB251EEFF9F000CB5E48 /* Base */ = {isa = PBXFileReference; lastKnownFileType = file.storyboard; name = Base; path = Base.lproj/Main.storyboard; sourceTree = "<group>"; };
		78D5BB271EEFF9F000CB5E48 /* Assets.xcassets */ = {isa = PBXFileReference; lastKnownFileType = folder.assetcatalog; path = Assets.xcassets; sourceTree = "<group>"; };
		78D5BB2A1EEFF9F000CB5E48 /* Base */ = {isa = PBXFileReference; lastKnownFileType = file.storyboard; name = Base; path = Base.lproj/LaunchScreen.storyboard; sourceTree = "<group>"; };
		78D5BB2C1EEFF9F000CB5E48 /* Info.plist */ = {isa = PBXFileReference; lastKnownFileType = text.plist.xml; path = Info.plist; sourceTree = "<group>"; };
		78D5BB331EEFFAFD00CB5E48 /* AVCamFocusView.swift */ = {isa = PBXFileReference; lastKnownFileType = sourcecode.swift; path = AVCamFocusView.swift; sourceTree = "<group>"; };
		78D5BB341EEFFAFD00CB5E48 /* AVCamController.swift */ = {isa = PBXFileReference; lastKnownFileType = sourcecode.swift; path = AVCamController.swift; sourceTree = "<group>"; };
		78D5BB351EEFFAFD00CB5E48 /* AVCamController.xib */ = {isa = PBXFileReference; lastKnownFileType = file.xib; path = AVCamController.xib; sourceTree = "<group>"; };
		78D5BB361EEFFAFD00CB5E48 /* AVCamPhotoOutputDevice.swift */ = {isa = PBXFileReference; lastKnownFileType = sourcecode.swift; path = AVCamPhotoOutputDevice.swift; sourceTree = "<group>"; };
		78D5BB371EEFFAFD00CB5E48 /* AVCamPreviewView.swift */ = {isa = PBXFileReference; lastKnownFileType = sourcecode.swift; path = AVCamPreviewView.swift; sourceTree = "<group>"; };
/* End PBXFileReference section */

/* Begin PBXFrameworksBuildPhase section */
		78D5BB1A1EEFF9F000CB5E48 /* Frameworks */ = {
			isa = PBXFrameworksBuildPhase;
			buildActionMask = 2147483647;
			files = (
			);
			runOnlyForDeploymentPostprocessing = 0;
		};
/* End PBXFrameworksBuildPhase section */

/* Begin PBXGroup section */
		78D5BB141EEFF9F000CB5E48 = {
			isa = PBXGroup;
			children = (
				78D5BB321EEFFAFD00CB5E48 /* Source */,
				78D5BB1F1EEFF9F000CB5E48 /* AVCamPicker */,
				78D5BB1E1EEFF9F000CB5E48 /* Products */,
			);
			sourceTree = "<group>";
		};
		78D5BB1E1EEFF9F000CB5E48 /* Products */ = {
			isa = PBXGroup;
			children = (
				78D5BB1D1EEFF9F000CB5E48 /* AVCamPicker.app */,
			);
			name = Products;
			sourceTree = "<group>";
		};
		78D5BB1F1EEFF9F000CB5E48 /* AVCamPicker */ = {
			isa = PBXGroup;
			children = (
				78D5BB201EEFF9F000CB5E48 /* AppDelegate.swift */,
				78D5BB221EEFF9F000CB5E48 /* ViewController.swift */,
				78D5BB241EEFF9F000CB5E48 /* Main.storyboard */,
				78D5BB271EEFF9F000CB5E48 /* Assets.xcassets */,
				78D5BB291EEFF9F000CB5E48 /* LaunchScreen.storyboard */,
				78D5BB2C1EEFF9F000CB5E48 /* Info.plist */,
			);
			path = AVCamPicker;
			sourceTree = "<group>";
		};
		78D5BB321EEFFAFD00CB5E48 /* Source */ = {
			isa = PBXGroup;
			children = (
				78D5BB331EEFFAFD00CB5E48 /* AVCamFocusView.swift */,
				78D5BB341EEFFAFD00CB5E48 /* AVCamController.swift */,
				78D5BB351EEFFAFD00CB5E48 /* AVCamController.xib */,
				78D5BB361EEFFAFD00CB5E48 /* AVCamPhotoOutputDevice.swift */,
				78D5BB371EEFFAFD00CB5E48 /* AVCamPreviewView.swift */,
				788DEBF31EF1305500D36E94 /* Utilities.swift */,
				788DEBF51EF1360600D36E94 /* Media.xcassets */,
				7883CA341EF14BDC00A14F2D /* FlashModesCollectionViewCoordinator.swift */,
				7883CA381EF163D500A14F2D /* FlashModeCollectionViewCell.swift */,
				7883CA391EF163D500A14F2D /* FlashModeCollectionViewCell.xib */,
			);
			path = Source;
			sourceTree = "<group>";
		};
/* End PBXGroup section */

/* Begin PBXNativeTarget section */
		78D5BB1C1EEFF9F000CB5E48 /* AVCamPicker */ = {
			isa = PBXNativeTarget;
			buildConfigurationList = 78D5BB2F1EEFF9F000CB5E48 /* Build configuration list for PBXNativeTarget "AVCamPicker" */;
			buildPhases = (
				78D5BB191EEFF9F000CB5E48 /* Sources */,
				78D5BB1A1EEFF9F000CB5E48 /* Frameworks */,
				78D5BB1B1EEFF9F000CB5E48 /* Resources */,
			);
			buildRules = (
			);
			dependencies = (
			);
			name = AVCamPicker;
			productName = AVCamPicker;
			productReference = 78D5BB1D1EEFF9F000CB5E48 /* AVCamPicker.app */;
			productType = "com.apple.product-type.application";
		};
/* End PBXNativeTarget section */

/* Begin PBXProject section */
		78D5BB151EEFF9F000CB5E48 /* Project object */ = {
			isa = PBXProject;
			attributes = {
				LastSwiftUpdateCheck = 0900;
				LastUpgradeCheck = 0900;
				ORGANIZATIONNAME = igor;
				TargetAttributes = {
					78D5BB1C1EEFF9F000CB5E48 = {
						CreatedOnToolsVersion = 9.0;
					};
				};
			};
			buildConfigurationList = 78D5BB181EEFF9F000CB5E48 /* Build configuration list for PBXProject "AVCamPicker" */;
			compatibilityVersion = "Xcode 8.0";
			developmentRegion = en;
			hasScannedForEncodings = 0;
			knownRegions = (
				en,
				Base,
			);
			mainGroup = 78D5BB141EEFF9F000CB5E48;
			productRefGroup = 78D5BB1E1EEFF9F000CB5E48 /* Products */;
			projectDirPath = "";
			projectRoot = "";
			targets = (
				78D5BB1C1EEFF9F000CB5E48 /* AVCamPicker */,
			);
		};
/* End PBXProject section */

/* Begin PBXResourcesBuildPhase section */
		78D5BB1B1EEFF9F000CB5E48 /* Resources */ = {
			isa = PBXResourcesBuildPhase;
			buildActionMask = 2147483647;
			files = (
				788DEBF61EF1360600D36E94 /* Media.xcassets in Resources */,
				78D5BB3A1EEFFBCB00CB5E48 /* AVCamController.xib in Resources */,
				7883CA3B1EF163D500A14F2D /* FlashModeCollectionViewCell.xib in Resources */,
				78D5BB2B1EEFF9F000CB5E48 /* LaunchScreen.storyboard in Resources */,
				78D5BB281EEFF9F000CB5E48 /* Assets.xcassets in Resources */,
				78D5BB261EEFF9F000CB5E48 /* Main.storyboard in Resources */,
			);
			runOnlyForDeploymentPostprocessing = 0;
		};
/* End PBXResourcesBuildPhase section */

/* Begin PBXSourcesBuildPhase section */
		78D5BB191EEFF9F000CB5E48 /* Sources */ = {
			isa = PBXSourcesBuildPhase;
			buildActionMask = 2147483647;
			files = (
				78D5BB391EEFFBCB00CB5E48 /* AVCamController.swift in Sources */,
				78D5BB3B1EEFFBCB00CB5E48 /* AVCamPhotoOutputDevice.swift in Sources */,
				788DEBF41EF1305500D36E94 /* Utilities.swift in Sources */,
				78D5BB231EEFF9F000CB5E48 /* ViewController.swift in Sources */,
				78D5BB381EEFFBCB00CB5E48 /* AVCamFocusView.swift in Sources */,
				7883CA3A1EF163D500A14F2D /* FlashModeCollectionViewCell.swift in Sources */,
				7883CA351EF14BDC00A14F2D /* FlashModesCollectionViewCoordinator.swift in Sources */,
				78D5BB211EEFF9F000CB5E48 /* AppDelegate.swift in Sources */,
				78D5BB3C1EEFFBCB00CB5E48 /* AVCamPreviewView.swift in Sources */,
			);
			runOnlyForDeploymentPostprocessing = 0;
		};
/* End PBXSourcesBuildPhase section */

/* Begin PBXVariantGroup section */
		78D5BB241EEFF9F000CB5E48 /* Main.storyboard */ = {
			isa = PBXVariantGroup;
			children = (
				78D5BB251EEFF9F000CB5E48 /* Base */,
			);
			name = Main.storyboard;
			sourceTree = "<group>";
		};
		78D5BB291EEFF9F000CB5E48 /* LaunchScreen.storyboard */ = {
			isa = PBXVariantGroup;
			children = (
				78D5BB2A1EEFF9F000CB5E48 /* Base */,
			);
			name = LaunchScreen.storyboard;
			sourceTree = "<group>";
		};
/* End PBXVariantGroup section */

/* Begin XCBuildConfiguration section */
		78D5BB2D1EEFF9F000CB5E48 /* Debug */ = {
			isa = XCBuildConfiguration;
			buildSettings = {
				ALWAYS_SEARCH_USER_PATHS = NO;
				CLANG_ANALYZER_NONNULL = YES;
				CLANG_ANALYZER_NUMBER_OBJECT_CONVERSION = YES_AGGRESSIVE;
				CLANG_CXX_LANGUAGE_STANDARD = "gnu++14";
				CLANG_CXX_LIBRARY = "libc++";
				CLANG_ENABLE_MODULES = YES;
				CLANG_ENABLE_OBJC_ARC = YES;
				CLANG_WARN_BLOCK_CAPTURE_AUTORELEASING = YES;
				CLANG_WARN_BOOL_CONVERSION = YES;
				CLANG_WARN_COMMA = YES;
				CLANG_WARN_CONSTANT_CONVERSION = YES;
				CLANG_WARN_DIRECT_OBJC_ISA_USAGE = YES_ERROR;
				CLANG_WARN_DOCUMENTATION_COMMENTS = YES;
				CLANG_WARN_EMPTY_BODY = YES;
				CLANG_WARN_ENUM_CONVERSION = YES;
				CLANG_WARN_INFINITE_RECURSION = YES;
				CLANG_WARN_INT_CONVERSION = YES;
				CLANG_WARN_NON_LITERAL_NULL_CONVERSION = YES;
				CLANG_WARN_OBJC_LITERAL_CONVERSION = YES;
				CLANG_WARN_OBJC_ROOT_CLASS = YES_ERROR;
				CLANG_WARN_RANGE_LOOP_ANALYSIS = YES;
				CLANG_WARN_STRICT_PROTOTYPES = YES;
				CLANG_WARN_SUSPICIOUS_MOVE = YES;
				CLANG_WARN_UNGUARDED_AVAILABILITY = YES_AGGRESSIVE;
				CLANG_WARN_UNREACHABLE_CODE = YES;
				CLANG_WARN__DUPLICATE_METHOD_MATCH = YES;
				CODE_SIGN_IDENTITY = "iPhone Developer";
				COPY_PHASE_STRIP = NO;
				DEBUG_INFORMATION_FORMAT = dwarf;
				ENABLE_STRICT_OBJC_MSGSEND = YES;
				ENABLE_TESTABILITY = YES;
				GCC_C_LANGUAGE_STANDARD = gnu11;
				GCC_DYNAMIC_NO_PIC = NO;
				GCC_NO_COMMON_BLOCKS = YES;
				GCC_OPTIMIZATION_LEVEL = 0;
				GCC_PREPROCESSOR_DEFINITIONS = (
					"DEBUG=1",
					"$(inherited)",
				);
				GCC_WARN_64_TO_32_BIT_CONVERSION = YES;
				GCC_WARN_ABOUT_RETURN_TYPE = YES_ERROR;
				GCC_WARN_UNDECLARED_SELECTOR = YES;
				GCC_WARN_UNINITIALIZED_AUTOS = YES_AGGRESSIVE;
				GCC_WARN_UNUSED_FUNCTION = YES;
				GCC_WARN_UNUSED_VARIABLE = YES;
				IPHONEOS_DEPLOYMENT_TARGET = 9.3;
				MTL_ENABLE_DEBUG_INFO = YES;
				ONLY_ACTIVE_ARCH = YES;
				SDKROOT = iphoneos;
				SWIFT_ACTIVE_COMPILATION_CONDITIONS = DEBUG;
				SWIFT_OPTIMIZATION_LEVEL = "-Onone";
			};
			name = Debug;
		};
		78D5BB2E1EEFF9F000CB5E48 /* Release */ = {
			isa = XCBuildConfiguration;
			buildSettings = {
				ALWAYS_SEARCH_USER_PATHS = NO;
				CLANG_ANALYZER_NONNULL = YES;
				CLANG_ANALYZER_NUMBER_OBJECT_CONVERSION = YES_AGGRESSIVE;
				CLANG_CXX_LANGUAGE_STANDARD = "gnu++14";
				CLANG_CXX_LIBRARY = "libc++";
				CLANG_ENABLE_MODULES = YES;
				CLANG_ENABLE_OBJC_ARC = YES;
				CLANG_WARN_BLOCK_CAPTURE_AUTORELEASING = YES;
				CLANG_WARN_BOOL_CONVERSION = YES;
				CLANG_WARN_COMMA = YES;
				CLANG_WARN_CONSTANT_CONVERSION = YES;
				CLANG_WARN_DIRECT_OBJC_ISA_USAGE = YES_ERROR;
				CLANG_WARN_DOCUMENTATION_COMMENTS = YES;
				CLANG_WARN_EMPTY_BODY = YES;
				CLANG_WARN_ENUM_CONVERSION = YES;
				CLANG_WARN_INFINITE_RECURSION = YES;
				CLANG_WARN_INT_CONVERSION = YES;
				CLANG_WARN_NON_LITERAL_NULL_CONVERSION = YES;
				CLANG_WARN_OBJC_LITERAL_CONVERSION = YES;
				CLANG_WARN_OBJC_ROOT_CLASS = YES_ERROR;
				CLANG_WARN_RANGE_LOOP_ANALYSIS = YES;
				CLANG_WARN_STRICT_PROTOTYPES = YES;
				CLANG_WARN_SUSPICIOUS_MOVE = YES;
				CLANG_WARN_UNGUARDED_AVAILABILITY = YES_AGGRESSIVE;
				CLANG_WARN_UNREACHABLE_CODE = YES;
				CLANG_WARN__DUPLICATE_METHOD_MATCH = YES;
				CODE_SIGN_IDENTITY = "iPhone Developer";
				COPY_PHASE_STRIP = NO;
				DEBUG_INFORMATION_FORMAT = "dwarf-with-dsym";
				ENABLE_NS_ASSERTIONS = NO;
				ENABLE_STRICT_OBJC_MSGSEND = YES;
				GCC_C_LANGUAGE_STANDARD = gnu11;
				GCC_NO_COMMON_BLOCKS = YES;
				GCC_WARN_64_TO_32_BIT_CONVERSION = YES;
				GCC_WARN_ABOUT_RETURN_TYPE = YES_ERROR;
				GCC_WARN_UNDECLARED_SELECTOR = YES;
				GCC_WARN_UNINITIALIZED_AUTOS = YES_AGGRESSIVE;
				GCC_WARN_UNUSED_FUNCTION = YES;
				GCC_WARN_UNUSED_VARIABLE = YES;
				IPHONEOS_DEPLOYMENT_TARGET = 9.3;
				MTL_ENABLE_DEBUG_INFO = NO;
				SDKROOT = iphoneos;
				SWIFT_OPTIMIZATION_LEVEL = "-Owholemodule";
				VALIDATE_PRODUCT = YES;
			};
			name = Release;
		};
		78D5BB301EEFF9F000CB5E48 /* Debug */ = {
			isa = XCBuildConfiguration;
			buildSettings = {
				ASSETCATALOG_COMPILER_APPICON_NAME = AppIcon;
				DEVELOPMENT_TEAM = E8DYRFL62Y;
				INFOPLIST_FILE = AVCamPicker/Info.plist;
				IPHONEOS_DEPLOYMENT_TARGET = 9.3;
				LD_RUNPATH_SEARCH_PATHS = "$(inherited) @executable_path/Frameworks";
				PRODUCT_BUNDLE_IDENTIFIER = igor.AVCamPicker;
				PRODUCT_NAME = "$(TARGET_NAME)";
				SWIFT_VERSION = 3.0;
				TARGETED_DEVICE_FAMILY = 1;
			};
			name = Debug;
		};
		78D5BB311EEFF9F000CB5E48 /* Release */ = {
			isa = XCBuildConfiguration;
			buildSettings = {
				ASSETCATALOG_COMPILER_APPICON_NAME = AppIcon;
				DEVELOPMENT_TEAM = E8DYRFL62Y;
				INFOPLIST_FILE = AVCamPicker/Info.plist;
				IPHONEOS_DEPLOYMENT_TARGET = 9.3;
				LD_RUNPATH_SEARCH_PATHS = "$(inherited) @executable_path/Frameworks";
				PRODUCT_BUNDLE_IDENTIFIER = igor.AVCamPicker;
				PRODUCT_NAME = "$(TARGET_NAME)";
				SWIFT_VERSION = 3.0;
				TARGETED_DEVICE_FAMILY = 1;
			};
			name = Release;
		};
/* End XCBuildConfiguration section */

/* Begin XCConfigurationList section */
		78D5BB181EEFF9F000CB5E48 /* Build configuration list for PBXProject "AVCamPicker" */ = {
			isa = XCConfigurationList;
			buildConfigurations = (
				78D5BB2D1EEFF9F000CB5E48 /* Debug */,
				78D5BB2E1EEFF9F000CB5E48 /* Release */,
			);
			defaultConfigurationIsVisible = 0;
			defaultConfigurationName = Release;
		};
		78D5BB2F1EEFF9F000CB5E48 /* Build configuration list for PBXNativeTarget "AVCamPicker" */ = {
			isa = XCConfigurationList;
			buildConfigurations = (
				78D5BB301EEFF9F000CB5E48 /* Debug */,
				78D5BB311EEFF9F000CB5E48 /* Release */,
			);
			defaultConfigurationIsVisible = 0;
			defaultConfigurationName = Release;
		};
/* End XCConfigurationList section */
	};
	rootObject = 78D5BB151EEFF9F000CB5E48 /* Project object */;
}
